# DO NOT EDIT MANUALLY - Managed by Fern Replay
version: "1.0"
generations:
  - commit_sha: 45892c3cbfff6c98aa0820e3299d58a6a93c4f97
    tree_hash: f1e9f9e439a598ae560d2582d6bcd86a9b0ba6a4
    timestamp: 2026-06-03T14:06:31.122Z
    cli_version: unknown
    generator_versions: {}
  - commit_sha: 8101028c0b1297ad90eacddc9226d7617d7e42c9
    tree_hash: a4b3639f107d7e44592ed8f73907fc9d5f7187e1
    timestamp: 2026-08-14T07:32:42.449Z
    cli_version: unknown
    generator_versions:
      fernapi/fern-python-sdk: 5.27.1
  - commit_sha: 78a7f59c550ea052740f97e230a91f5487467f59
    tree_hash: cfef3eb8005c31b12b8a74c17b7f219b9c53eab1
    timestamp: 2026-09-23T23:11:06.792Z
    cli_version: unknown
    generator_versions:
      fernapi/fern-python-sdk: 5.27.1
  - commit_sha: 19fe6958ef64fed3d7ca568d1bdc60928a4738e9
    tree_hash: 9fd62c01953937cb2c4d4e080176ad087f9887db
    timestamp: 2026-09-25T15:18:20.070Z
    cli_version: unknown
    generator_versions:
      fernapi/fern-python-sdk: 5.27.1
current_generation: 19fe6958ef64fed3d7ca568d1bdc60928a4738e9
patches: []
