# DO NOT EDIT MANUALLY - Managed by Fern Replay
version: "1.0"
generations:
  - commit_sha: 45892c3cbfff6c98aa0820e3299d58a6a93c4f97
    tree_hash: f1e9f9e439a598ae560d2582d6bcd86a9b0ba6a4
    timestamp: 2026-06-03T14:06:31.122Z
    cli_version: unknown
    generator_versions: {}
current_generation: 45892c3cbfff6c98aa0820e3299d58a6a93c4f97
patches: []
