# DO NOT EDIT MANUALLY - Managed by Fern Replay
version: "1.0"
generations:
  - commit_sha: 45892c3cbfff6c98aa0820e3299d58a6a93c4f97
    tree_hash: f1e9f9e439a598ae560d2582d6bcd86a9b0ba6a4
    timestamp: 2026-06-03T14:06:31.122Z
    cli_version: unknown
    generator_versions: {}
  - commit_sha: 8101028c0b1297ad90eacddc9226d7617d7e42c9
    tree_hash: a4b3639f107d7e44592ed8f73907fc9d5f7187e1
    timestamp: 2026-08-14T07:32:42.449Z
    cli_version: unknown
    generator_versions:
      fernapi/fern-python-sdk: 5.27.1
  - commit_sha: f4d8197dbdd9115bc47f5a9df61caf040dead6fa
    tree_hash: 5048faa5d2091528fd9fda999acfb11b7a2c81ed
    timestamp: 2026-09-05T10:07:29.187Z
    cli_version: unknown
    generator_versions:
      fernapi/fern-python-sdk: 5.27.1
current_generation: f4d8197dbdd9115bc47f5a9df61caf040dead6fa
patches: []
